
Microsoft Visual Studio Solution File, Format Version 12.00
# Visual Studio Version 17
VisualStudioVersion = 17.2.32616.157
MinimumVisualStudioVersion = 10.0.40219.1
Project("{8BC9CEB8-8B4A-11D0-8D11-00A0C91BC942}") = "Feather", "Feather.vcxproj", "{A4730D99-84D8-4BAD-B554-31331AA41F1C}"
EndProject
Global
	GlobalSection(SolutionConfigurationPlatforms) = preSolution
		Debug|x64 = Debug|x64
		Debug|x86 = Debug|x86
		Release|x64 = Release|x64
		Release|x86 = Release|x86
	EndGlobalSection
	GlobalSection(ProjectConfigurationPlatforms) = postSolution
		{A4730D99-84D8-4BAD-B554-31331AA41F1C}.Debug|x64.ActiveCfg = Release|x64
		{A4730D99-84D8-4BAD-B554-31331AA41F1C}.Debug|x64.Build.0 = Release|x64
		{A4730D99-84D8-4BAD-B554-31331AA41F1C}.Debug|x86.ActiveCfg = Debug|Win32
		{A4730D99-84D8-4BAD-B554-31331AA41F1C}.Debug|x86.Build.0 = Debug|Win32
		{A4730D99-84D8-4BAD-B554-31331AA41F1C}.Release|x64.ActiveCfg = Release|x64
		{A4730D99-84D8-4BAD-B554-31331AA41F1C}.Release|x64.Build.0 = Release|x64
		{A4730D99-84D8-4BAD-B554-31331AA41F1C}.Release|x86.ActiveCfg = Release|Win32
		{A4730D99-84D8-4BAD-B554-31331AA41F1C}.Release|x86.Build.0 = Release|Win32
	EndGlobalSection
	GlobalSection(SolutionProperties) = preSolution
		HideSolutionNode = FALSE
	EndGlobalSection
	GlobalSection(ExtensibilityGlobals) = postSolution
		SolutionGuid = {2D4E7A39-FE96-4673-9399-E6F65D0AC050}
	EndGlobalSection
EndGlobal
