<?xml version="1.0" encoding="utf-8"?>
<Project ToolsVersion="4.0" xmlns="http://schemas.microsoft.com/developer/msbuild/2003">
  <ItemGroup>
    <Filter Include="Archivos de origen">
      <UniqueIdentifier>{4FC737F1-C7A5-4376-A066-2A32D752A2FF}</UniqueIdentifier>
      <Extensions>cpp;c;cc;cxx;c++;cppm;ixx;def;odl;idl;hpj;bat;asm;asmx</Extensions>
    </Filter>
    <Filter Include="Archivos de encabezado">
      <UniqueIdentifier>{93995380-89BD-4b04-88EB-625FBE52EBFB}</UniqueIdentifier>
      <Extensions>h;hh;hpp;hxx;h++;hm;inl;inc;ipp;xsd</Extensions>
    </Filter>
    <Filter Include="Archivos de recursos">
      <UniqueIdentifier>{67DA6AB6-F800-4c08-8B7A-83BB121AAD01}</UniqueIdentifier>
      <Extensions>rc;ico;cur;bmp;dlg;rc2;rct;bin;rgs;gif;jpg;jpeg;jpe;resx;tiff;tif;png;wav;mfcribbon-ms</Extensions>
    </Filter>
    <Filter Include="Archivos de encabezado\Imgui">
      <UniqueIdentifier>{17fea486-d840-40b9-83f2-d2167091f29e}</UniqueIdentifier>
    </Filter>
    <Filter Include="Archivos de origen\Imgui">
      <UniqueIdentifier>{963cb797-1d92-4463-99cc-12deca6daaaf}</UniqueIdentifier>
    </Filter>
    <Filter Include="Archivos de origen\ImageWork">
      <UniqueIdentifier>{278c0ad6-5a61-41d2-995f-752fe44f6ddb}</UniqueIdentifier>
    </Filter>
    <Filter Include="Archivos de encabezado\GUI">
      <UniqueIdentifier>{bf78892e-33aa-4186-be87-9185908c982c}</UniqueIdentifier>
    </Filter>
    <Filter Include="Archivos de origen\GUI">
      <UniqueIdentifier>{e9cfdd78-d384-48f4-ab19-308976b53c99}</UniqueIdentifier>
    </Filter>
    <Filter Include="Archivos de encabezado\Directories">
      <UniqueIdentifier>{dbf196c5-adc3-40d7-a0b9-0fbbc5dcaf7e}</UniqueIdentifier>
    </Filter>
    <Filter Include="Archivos de origen\Directories">
      <UniqueIdentifier>{81ae82e3-0c7f-42d9-9382-f6ea79ee1559}</UniqueIdentifier>
    </Filter>
    <Filter Include="Archivos de origen\ImageIO">
      <UniqueIdentifier>{ba448c00-060f-49f4-b3da-e4af87c17b33}</UniqueIdentifier>
    </Filter>
    <Filter Include="Archivos de encabezado\ImageIO">
      <UniqueIdentifier>{be8968ff-d790-4055-80b0-79f385e53a7f}</UniqueIdentifier>
    </Filter>
    <Filter Include="Archivos de encabezado\ImageWork">
      <UniqueIdentifier>{8a8014b5-d0aa-4430-a660-f8c91aa353ce}</UniqueIdentifier>
    </Filter>
    <Filter Include="Archivos de origen\GUI\MainGUI">
      <UniqueIdentifier>{b5e6329c-40b4-4635-8cd5-9ae888ca72f7}</UniqueIdentifier>
    </Filter>
    <Filter Include="Archivos de origen\GUI\ExternGUI">
      <UniqueIdentifier>{ea7dd477-c572-4ddc-9883-6901cbe7ce0c}</UniqueIdentifier>
    </Filter>
    <Filter Include="Archivos de origen\ImageWork\Tools">
      <UniqueIdentifier>{43fcbf8e-8d63-4bfb-8b58-98bd8ff4c64a}</UniqueIdentifier>
    </Filter>
  </ItemGroup>
  <ItemGroup>
    <ClCompile Include="imgui\imgui.cpp">
      <Filter>Archivos de origen\Imgui</Filter>
    </ClCompile>
    <ClCompile Include="imgui\imgui_demo.cpp">
      <Filter>Archivos de origen\Imgui</Filter>
    </ClCompile>
    <ClCompile Include="imgui\imgui_draw.cpp">
      <Filter>Archivos de origen\Imgui</Filter>
    </ClCompile>
    <ClCompile Include="imgui\imgui_impl_glfw.cpp">
      <Filter>Archivos de origen\Imgui</Filter>
    </ClCompile>
    <ClCompile Include="imgui\imgui_tables.cpp">
      <Filter>Archivos de origen\Imgui</Filter>
    </ClCompile>
    <ClCompile Include="imgui\imgui_widgets.cpp">
      <Filter>Archivos de origen\Imgui</Filter>
    </ClCompile>
    <ClCompile Include="imgui\imgui_impl_opengl3.cpp">
      <Filter>Archivos de origen\Imgui</Filter>
    </ClCompile>
    <ClCompile Include="main.cpp">
      <Filter>Archivos de origen</Filter>
    </ClCompile>
    <ClCompile Include="GUI\feathergui.cpp">
      <Filter>Archivos de origen\GUI</Filter>
    </ClCompile>
    <ClCompile Include="Directories\pathwork.cpp">
      <Filter>Archivos de origen\Directories</Filter>
    </ClCompile>
    <ClCompile Include="ImageIO\stb.cpp">
      <Filter>Archivos de origen\ImageIO</Filter>
    </ClCompile>
    <ClCompile Include="GUI\MainGUI\ImageDisplayers.cpp">
      <Filter>Archivos de origen\GUI\MainGUI</Filter>
    </ClCompile>
    <ClCompile Include="GUI\MainGUI\Info.cpp">
      <Filter>Archivos de origen\GUI\MainGUI</Filter>
    </ClCompile>
    <ClCompile Include="GUI\MainGUI\Layers.cpp">
      <Filter>Archivos de origen\GUI\MainGUI</Filter>
    </ClCompile>
    <ClCompile Include="GUI\MainGUI\Menu.cpp">
      <Filter>Archivos de origen\GUI\MainGUI</Filter>
    </ClCompile>
    <ClCompile Include="GUI\MainGUI\Properties.cpp">
      <Filter>Archivos de origen\GUI\MainGUI</Filter>
    </ClCompile>
    <ClCompile Include="GUI\MainGUI\Tools.cpp">
      <Filter>Archivos de origen\GUI\MainGUI</Filter>
    </ClCompile>
    <ClCompile Include="GUI\ExternGUI\ConfigMenu.cpp">
      <Filter>Archivos de origen\GUI\ExternGUI</Filter>
    </ClCompile>
    <ClCompile Include="GUI\ExternGUI\DebugConsole.cpp">
      <Filter>Archivos de origen\GUI\ExternGUI</Filter>
    </ClCompile>
    <ClCompile Include="GUI\ExternGUI\newImage.cpp">
      <Filter>Archivos de origen\GUI\ExternGUI</Filter>
    </ClCompile>
    <ClCompile Include="GUI\MainGUI\ToolProperties.cpp">
      <Filter>Archivos de origen\GUI\MainGUI</Filter>
    </ClCompile>
    <ClCompile Include="GUI\ExternGUI\ErrorWindows.cpp">
      <Filter>Archivos de origen\GUI\ExternGUI</Filter>
    </ClCompile>
    <ClCompile Include="GUI\ExternGUI\ImageSaveLoad.cpp">
      <Filter>Archivos de origen\GUI\ExternGUI</Filter>
    </ClCompile>
    <ClCompile Include="ImageWork\Tools\Pencil.cpp">
      <Filter>Archivos de origen\ImageWork\Tools</Filter>
    </ClCompile>
    <ClCompile Include="ImageWork\Tools\Brush.cpp">
      <Filter>Archivos de origen\ImageWork\Tools</Filter>
    </ClCompile>
    <ClCompile Include="ImageWork\Tools\Eraser.cpp">
      <Filter>Archivos de origen\ImageWork\Tools</Filter>
    </ClCompile>
    <ClCompile Include="ImageWork\ImageWork.cpp">
      <Filter>Archivos de origen\ImageWork</Filter>
    </ClCompile>
    <ClCompile Include="ImageWork\Tools\Selection.cpp">
      <Filter>Archivos de origen\ImageWork\Tools</Filter>
    </ClCompile>
    <ClCompile Include="GUI\ExternGUI\toolDisplays.cpp">
      <Filter>Archivos de origen\GUI\ExternGUI</Filter>
    </ClCompile>
    <ClCompile Include="ImageWork\Tools\ColorPicker.cpp">
      <Filter>Archivos de origen\ImageWork\Tools</Filter>
    </ClCompile>
    <ClCompile Include="ImageWork\Tools\Bucket.cpp">
      <Filter>Archivos de origen\ImageWork\Tools</Filter>
    </ClCompile>
    <ClCompile Include="GUI\ExternGUI\Histogram.cpp">
      <Filter>Archivos de origen\GUI\ExternGUI</Filter>
    </ClCompile>
    <ClCompile Include="imgui\implot.cpp">
      <Filter>Archivos de origen\Imgui</Filter>
    </ClCompile>
    <ClCompile Include="imgui\implot_items.cpp">
      <Filter>Archivos de origen\Imgui</Filter>
    </ClCompile>
  </ItemGroup>
  <ItemGroup>
    <ClInclude Include="imgui\imconfig.h">
      <Filter>Archivos de encabezado\Imgui</Filter>
    </ClInclude>
    <ClInclude Include="imgui\imgui.h">
      <Filter>Archivos de encabezado\Imgui</Filter>
    </ClInclude>
    <ClInclude Include="imgui\imgui_impl_glfw.h">
      <Filter>Archivos de encabezado\Imgui</Filter>
    </ClInclude>
    <ClInclude Include="imgui\imgui_internal.h">
      <Filter>Archivos de encabezado\Imgui</Filter>
    </ClInclude>
    <ClInclude Include="imgui\imstb_rectpack.h">
      <Filter>Archivos de encabezado\Imgui</Filter>
    </ClInclude>
    <ClInclude Include="imgui\imstb_textedit.h">
      <Filter>Archivos de encabezado\Imgui</Filter>
    </ClInclude>
    <ClInclude Include="imgui\imstb_truetype.h">
      <Filter>Archivos de encabezado\Imgui</Filter>
    </ClInclude>
    <ClInclude Include="imgui\imgui_impl_opengl3.h">
      <Filter>Archivos de encabezado\Imgui</Filter>
    </ClInclude>
    <ClInclude Include="imgui\imgui_impl_opengl3_loader.h">
      <Filter>Archivos de encabezado\Imgui</Filter>
    </ClInclude>
    <ClInclude Include="resource.h">
      <Filter>Archivos de encabezado</Filter>
    </ClInclude>
    <ClInclude Include="IconsFontAwesome.h">
      <Filter>Archivos de encabezado\Imgui</Filter>
    </ClInclude>
    <ClInclude Include="GUI\feathergui.h">
      <Filter>Archivos de encabezado\GUI</Filter>
    </ClInclude>
    <ClInclude Include="GUI\IconsFontAwesome.h">
      <Filter>Archivos de encabezado\GUI</Filter>
    </ClInclude>
    <ClInclude Include="Directories\pathwork.h">
      <Filter>Archivos de encabezado\Directories</Filter>
    </ClInclude>
    <ClInclude Include="ImageIO\stb_image.h">
      <Filter>Archivos de encabezado\ImageIO</Filter>
    </ClInclude>
    <ClInclude Include="ImageIO\stb_image_resize.h">
      <Filter>Archivos de encabezado\ImageIO</Filter>
    </ClInclude>
    <ClInclude Include="ImageIO\stb_image_write.h">
      <Filter>Archivos de encabezado\ImageIO</Filter>
    </ClInclude>
    <ClInclude Include="ImageWork\ImageWork.h">
      <Filter>Archivos de encabezado\ImageWork</Filter>
    </ClInclude>
    <ClInclude Include="imgui\implot.h">
      <Filter>Archivos de encabezado\Imgui</Filter>
    </ClInclude>
    <ClInclude Include="imgui\implot_internal.h">
      <Filter>Archivos de encabezado\Imgui</Filter>
    </ClInclude>
  </ItemGroup>
  <ItemGroup>
    <ResourceCompile Include="Feather.rc">
      <Filter>Archivos de recursos</Filter>
    </ResourceCompile>
  </ItemGroup>
  <ItemGroup>
    <Image Include="Images\Feather.ico">
      <Filter>Archivos de recursos</Filter>
    </Image>
  </ItemGroup>
</Project>